{
  "version": 4,
  "terraform_version": "1.2.6",
  "serial": 181,
  "lineage": "fe51b6ea-5dae-4a82-72a0-8068f6ffc6ff",
  "outputs": {},
  "resources": [
    {
      "module": "module.base.module.asg",
      "mode": "data",
      "type": "aws_ami",
      "name": "amazonlinux",
      "provider": "provider[\"registry.terraform.io/hashicorp/aws\"]",
      "instances": [
        {
          "schema_version": 0,
          "attributes": {
            "architecture": "x86_64",
            "arn": "arn:aws:ec2:us-east-1::image/ami-05fa00d4c63e32376",
            "block_device_mappings": [
              {
                "device_name": "/dev/xvda",
                "ebs": {
                  "delete_on_termination": "true",
                  "encrypted": "false",
                  "iops": "0",
                  "snapshot_id": "snap-0834d7afbcb68efb7",
                  "throughput": "0",
                  "volume_size": "8",
                  "volume_type": "gp2"
                },
                "no_device": "",
                "virtual_name": ""
              }
            ],
            "boot_mode": "",
            "creation_date": "2022-08-17T23:46:15.000Z",
            "deprecation_time": "2024-08-17T23:46:15.000Z",
            "description": "Amazon Linux 2 Kernel 5.10 AMI 2.0.20220805.0 x86_64 HVM gp2",
            "ena_support": true,
            "executable_users": null,
            "filter": [
              {
                "name": "name",
                "values": [
                  "amzn2-ami-kernel-*"
                ]
              },
              {
                "name": "virtualization-type",
                "values": [
                  "hvm"
                ]
              }
            ],
            "hypervisor": "xen",
            "id": "ami-05fa00d4c63e32376",
            "image_id": "ami-05fa00d4c63e32376",
            "image_location": "amazon/amzn2-ami-kernel-5.10-hvm-2.0.20220805.0-x86_64-gp2",
            "image_owner_alias": "amazon",
            "image_type": "machine",
            "include_deprecated": false,
            "kernel_id": "",
            "most_recent": true,
            "name": "amzn2-ami-kernel-5.10-hvm-2.0.20220805.0-x86_64-gp2",
            "name_regex": null,
            "owner_id": "137112412989",
            "owners": [
              "137112412989"
            ],
            "platform": "",
            "platform_details": "Linux/UNIX",
            "product_codes": [],
            "public": true,
            "ramdisk_id": "",
            "root_device_name": "/dev/xvda",
            "root_device_type": "ebs",
            "root_snapshot_id": "snap-0834d7afbcb68efb7",
            "sriov_net_support": "simple",
            "state": "available",
            "state_reason": {
              "code": "UNSET",
              "message": "UNSET"
            },
            "tags": {},
            "timeouts": null,
            "tpm_support": "",
            "usage_operation": "RunInstances",
            "virtualization_type": "hvm"
          },
          "sensitive_attributes": []
        }
      ]
    },
    {
      "module": "module.base.module.asg",
      "mode": "managed",
      "type": "aws_autoscaling_group",
      "name": "main",
      "provider": "provider[\"registry.terraform.io/hashicorp/aws\"]",
      "instances": [
        {
          "schema_version": 0,
          "attributes": {
            "arn": "arn:aws:autoscaling:us-east-1:927105399259:autoScalingGroup:7ea569e3-da48-400d-9fd5-66380b7b3ba8:autoScalingGroupName/dev-20220822194004337400000002",
            "availability_zones": [
              "us-east-1a",
              "us-east-1b"
            ],
            "capacity_rebalance": false,
            "context": "",
            "default_cooldown": 300,
            "default_instance_warmup": 0,
            "desired_capacity": 2,
            "enabled_metrics": null,
            "force_delete": false,
            "force_delete_warm_pool": false,
            "health_check_grace_period": 300,
            "health_check_type": "EC2",
            "id": "dev-20220822194004337400000002",
            "initial_lifecycle_hook": [],
            "instance_refresh": [],
            "launch_configuration": "dev-20220822193955633000000001",
            "launch_template": [],
            "load_balancers": null,
            "max_instance_lifetime": 0,
            "max_size": 4,
            "metrics_granularity": "1Minute",
            "min_elb_capacity": null,
            "min_size": 2,
            "mixed_instances_policy": [],
            "name": "dev-20220822194004337400000002",
            "name_prefix": "dev-",
            "placement_group": "",
            "protect_from_scale_in": false,
            "service_linked_role_arn": "arn:aws:iam::927105399259:role/aws-service-role/autoscaling.amazonaws.com/AWSServiceRoleForAutoScaling",
            "suspended_processes": null,
            "tag": [
              {
                "key": "Name",
                "propagate_at_launch": true,
                "value": "dev"
              }
            ],
            "tags": null,
            "target_group_arns": [
              "arn:aws:elasticloadbalancing:us-east-1:927105399259:targetgroup/dev/4c5f0a24df04934e"
            ],
            "termination_policies": null,
            "timeouts": null,
            "vpc_zone_identifier": [
              "subnet-0ab6308bd87797477",
              "subnet-0f471ff0563b8179b"
            ],
            "wait_for_capacity_timeout": "10m",
            "wait_for_elb_capacity": null,
            "warm_pool": []
          },
          "sensitive_attributes": [],
          "private": "eyJlMmJmYjczMC1lY2FhLTExZTYtOGY4OC0zNDM2M2JjN2M0YzAiOnsiZGVsZXRlIjo2MDAwMDAwMDAwMDAsInVwZGF0ZSI6NjAwMDAwMDAwMDAwfX0=",
          "dependencies": [
            "module.base.module.asg.aws_iam_instance_profile.main",
            "module.base.module.asg.aws_iam_role.main",
            "module.base.module.asg.aws_launch_configuration.main",
            "module.base.module.asg.aws_security_group.private",
            "module.base.module.asg.data.aws_ami.amazonlinux",
            "module.base.module.lb.aws_lb.main",
            "module.base.module.lb.aws_lb_listener.main",
            "module.base.module.lb.aws_lb_target_group.main",
            "module.base.module.lb.aws_security_group.load_balancer",
            "module.base.module.vpc.aws_eip.nat",
            "module.base.module.vpc.aws_internet_gateway.main",
            "module.base.module.vpc.aws_nat_gateway.main",
            "module.base.module.vpc.aws_route_table.private",
            "module.base.module.vpc.aws_route_table.privatedb",
            "module.base.module.vpc.aws_route_table.public",
            "module.base.module.vpc.aws_route_table_association.private",
            "module.base.module.vpc.aws_route_table_association.privatedb",
            "module.base.module.vpc.aws_route_table_association.public",
            "module.base.module.vpc.aws_subnet.private",
            "module.base.module.vpc.aws_subnet.privatedb",
            "module.base.module.vpc.aws_subnet.public",
            "module.base.module.vpc.aws_vpc.main",
            "module.base.module.vpc.data.aws_availability_zones.available"
          ]
        }
      ]
    },
    {
      "module": "module.base.module.asg",
      "mode": "managed",
      "type": "aws_iam_instance_profile",
      "name": "main",
      "provider": "provider[\"registry.terraform.io/hashicorp/aws\"]",
      "instances": [
        {
          "schema_version": 0,
          "attributes": {
            "arn": "arn:aws:iam::927105399259:instance-profile/dev",
            "create_date": "2022-08-22T19:39:52Z",
            "id": "dev",
            "name": "dev",
            "name_prefix": null,
            "path": "/",
            "role": "dev",
            "tags": null,
            "tags_all": {},
            "unique_id": "AIPA5PW6JXHNQOHAIJQXT"
          },
          "sensitive_attributes": [],
          "private": "bnVsbA==",
          "dependencies": [
            "module.base.module.asg.aws_iam_role.main",
            "module.base.module.lb.aws_lb.main",
            "module.base.module.lb.aws_lb_listener.main",
            "module.base.module.lb.aws_lb_target_group.main",
            "module.base.module.lb.aws_security_group.load_balancer",
            "module.base.module.vpc.aws_eip.nat",
            "module.base.module.vpc.aws_internet_gateway.main",
            "module.base.module.vpc.aws_nat_gateway.main",
            "module.base.module.vpc.aws_route_table.private",
            "module.base.module.vpc.aws_route_table.privatedb",
            "module.base.module.vpc.aws_route_table.public",
            "module.base.module.vpc.aws_route_table_association.private",
            "module.base.module.vpc.aws_route_table_association.privatedb",
            "module.base.module.vpc.aws_route_table_association.public",
            "module.base.module.vpc.aws_subnet.private",
            "module.base.module.vpc.aws_subnet.privatedb",
            "module.base.module.vpc.aws_subnet.public",
            "module.base.module.vpc.aws_vpc.main",
            "module.base.module.vpc.data.aws_availability_zones.available"
          ]
        }
      ]
    },
    {
      "module": "module.base.module.asg",
      "mode": "managed",
      "type": "aws_iam_role",
      "name": "main",
      "provider": "provider[\"registry.terraform.io/hashicorp/aws\"]",
      "instances": [
        {
          "schema_version": 0,
          "attributes": {
            "arn": "arn:aws:iam::927105399259:role/dev",
            "assume_role_policy": "{\"Statement\":[{\"Action\":\"sts:AssumeRole\",\"Effect\":\"Allow\",\"Principal\":{\"Service\":\"ec2.amazonaws.com\"},\"Sid\":\"\"}],\"Version\":\"2012-10-17\"}",
            "create_date": "2022-08-22T19:39:51Z",
            "description": "",
            "force_detach_policies": false,
            "id": "dev",
            "inline_policy": [],
            "managed_policy_arns": [
              "arn:aws:iam::aws:policy/service-role/AmazonEC2RoleforSSM"
            ],
            "max_session_duration": 3600,
            "name": "dev",
            "name_prefix": "",
            "path": "/",
            "permissions_boundary": null,
            "tags": null,
            "tags_all": {},
            "unique_id": "AROA5PW6JXHN3XEIU3DX2"
          },
          "sensitive_attributes": [],
          "private": "bnVsbA==",
          "dependencies": [
            "module.base.module.lb.aws_lb.main",
            "module.base.module.lb.aws_lb_listener.main",
            "module.base.module.lb.aws_lb_target_group.main",
            "module.base.module.lb.aws_security_group.load_balancer",
            "module.base.module.vpc.aws_eip.nat",
            "module.base.module.vpc.aws_internet_gateway.main",
            "module.base.module.vpc.aws_nat_gateway.main",
            "module.base.module.vpc.aws_route_table.private",
            "module.base.module.vpc.aws_route_table.privatedb",
            "module.base.module.vpc.aws_route_table.public",
            "module.base.module.vpc.aws_route_table_association.private",
            "module.base.module.vpc.aws_route_table_association.privatedb",
            "module.base.module.vpc.aws_route_table_association.public",
            "module.base.module.vpc.aws_subnet.private",
            "module.base.module.vpc.aws_subnet.privatedb",
            "module.base.module.vpc.aws_subnet.public",
            "module.base.module.vpc.aws_vpc.main",
            "module.base.module.vpc.data.aws_availability_zones.available"
          ]
        }
      ]
    },
    {
      "module": "module.base.module.asg",
      "mode": "managed",
      "type": "aws_launch_configuration",
      "name": "main",
      "provider": "provider[\"registry.terraform.io/hashicorp/aws\"]",
      "instances": [
        {
          "schema_version": 0,
          "attributes": {
            "arn": "arn:aws:autoscaling:us-east-1:927105399259:launchConfiguration:fcbcf4fb-6c42-4431-b53a-e74eb7848384:launchConfigurationName/dev-20220822193955633000000001",
            "associate_public_ip_address": false,
            "ebs_block_device": [],
            "ebs_optimized": false,
            "enable_monitoring": true,
            "ephemeral_block_device": [],
            "iam_instance_profile": "dev",
            "id": "dev-20220822193955633000000001",
            "image_id": "ami-05fa00d4c63e32376",
            "instance_type": "t2.micro",
            "key_name": "",
            "metadata_options": [],
            "name": "dev-20220822193955633000000001",
            "name_prefix": "dev-",
            "placement_tenancy": "",
            "root_block_device": [],
            "security_groups": [
              "sg-0207b024d428feb8b"
            ],
            "spot_price": "",
            "user_data": "f06621f2ba445fd6e6b866f5be5eda4e33d70079",
            "user_data_base64": null,
            "vpc_classic_link_id": "",
            "vpc_classic_link_security_groups": null
          },
          "sensitive_attributes": [],
          "private": "bnVsbA==",
          "dependencies": [
            "module.base.module.asg.aws_iam_instance_profile.main",
            "module.base.module.asg.aws_iam_role.main",
            "module.base.module.asg.aws_security_group.private",
            "module.base.module.asg.data.aws_ami.amazonlinux",
            "module.base.module.lb.aws_lb.main",
            "module.base.module.lb.aws_lb_listener.main",
            "module.base.module.lb.aws_lb_target_group.main",
            "module.base.module.lb.aws_security_group.load_balancer",
            "module.base.module.vpc.aws_eip.nat",
            "module.base.module.vpc.aws_internet_gateway.main",
            "module.base.module.vpc.aws_nat_gateway.main",
            "module.base.module.vpc.aws_route_table.private",
            "module.base.module.vpc.aws_route_table.privatedb",
            "module.base.module.vpc.aws_route_table.public",
            "module.base.module.vpc.aws_route_table_association.private",
            "module.base.module.vpc.aws_route_table_association.privatedb",
            "module.base.module.vpc.aws_route_table_association.public",
            "module.base.module.vpc.aws_subnet.private",
            "module.base.module.vpc.aws_subnet.privatedb",
            "module.base.module.vpc.aws_subnet.public",
            "module.base.module.vpc.aws_vpc.main",
            "module.base.module.vpc.data.aws_availability_zones.available"
          ]
        }
      ]
    },
    {
      "module": "module.base.module.asg",
      "mode": "managed",
      "type": "aws_security_group",
      "name": "private",
      "provider": "provider[\"registry.terraform.io/hashicorp/aws\"]",
      "instances": [
        {
          "schema_version": 1,
          "attributes": {
            "arn": "arn:aws:ec2:us-east-1:927105399259:security-group/sg-0207b024d428feb8b",
            "description": "Allow VPC traffic",
            "egress": [
              {
                "cidr_blocks": [
                  "0.0.0.0/0"
                ],
                "description": "",
                "from_port": 0,
                "ipv6_cidr_blocks": [],
                "prefix_list_ids": [],
                "protocol": "-1",
                "security_groups": [],
                "self": false,
                "to_port": 0
              }
            ],
            "id": "sg-0207b024d428feb8b",
            "ingress": [
              {
                "cidr_blocks": [],
                "description": "HTTP from load balancer",
                "from_port": 80,
                "ipv6_cidr_blocks": [],
                "prefix_list_ids": [],
                "protocol": "tcp",
                "security_groups": [
                  "sg-0352838232a4f15f2"
                ],
                "self": false,
                "to_port": 80
              }
            ],
            "name": "dev-private",
            "name_prefix": "",
            "owner_id": "927105399259",
            "revoke_rules_on_delete": false,
            "tags": {
              "Name": "dev-private"
            },
            "tags_all": {
              "Name": "dev-private"
            },
            "timeouts": null,
            "vpc_id": "vpc-062700eaf9cda0291"
          },
          "sensitive_attributes": [],
          "private": "eyJlMmJmYjczMC1lY2FhLTExZTYtOGY4OC0zNDM2M2JjN2M0YzAiOnsiY3JlYXRlIjo2MDAwMDAwMDAwMDAsImRlbGV0ZSI6OTAwMDAwMDAwMDAwfSwic2NoZW1hX3ZlcnNpb24iOiIxIn0=",
          "dependencies": [
            "module.base.module.lb.aws_lb.main",
            "module.base.module.lb.aws_lb_listener.main",
            "module.base.module.lb.aws_lb_target_group.main",
            "module.base.module.lb.aws_security_group.load_balancer",
            "module.base.module.vpc.aws_eip.nat",
            "module.base.module.vpc.aws_internet_gateway.main",
            "module.base.module.vpc.aws_nat_gateway.main",
            "module.base.module.vpc.aws_route_table.private",
            "module.base.module.vpc.aws_route_table.privatedb",
            "module.base.module.vpc.aws_route_table.public",
            "module.base.module.vpc.aws_route_table_association.private",
            "module.base.module.vpc.aws_route_table_association.privatedb",
            "module.base.module.vpc.aws_route_table_association.public",
            "module.base.module.vpc.aws_subnet.private",
            "module.base.module.vpc.aws_subnet.privatedb",
            "module.base.module.vpc.aws_subnet.public",
            "module.base.module.vpc.aws_vpc.main",
            "module.base.module.vpc.data.aws_availability_zones.available"
          ]
        }
      ]
    },
    {
      "module": "module.base.module.lb",
      "mode": "managed",
      "type": "aws_lb",
      "name": "main",
      "provider": "provider[\"registry.terraform.io/hashicorp/aws\"]",
      "instances": [
        {
          "schema_version": 0,
          "attributes": {
            "access_logs": [
              {
                "bucket": "",
                "enabled": false,
                "prefix": ""
              }
            ],
            "arn": "arn:aws:elasticloadbalancing:us-east-1:927105399259:loadbalancer/app/dev/981b7143f6b765b8",
            "arn_suffix": "app/dev/981b7143f6b765b8",
            "customer_owned_ipv4_pool": "",
            "desync_mitigation_mode": "defensive",
            "dns_name": "dev-875396133.us-east-1.elb.amazonaws.com",
            "drop_invalid_header_fields": false,
            "enable_cross_zone_load_balancing": null,
            "enable_deletion_protection": false,
            "enable_http2": true,
            "enable_waf_fail_open": false,
            "id": "arn:aws:elasticloadbalancing:us-east-1:927105399259:loadbalancer/app/dev/981b7143f6b765b8",
            "idle_timeout": 60,
            "internal": false,
            "ip_address_type": "ipv4",
            "load_balancer_type": "application",
            "name": "dev",
            "name_prefix": null,
            "preserve_host_header": false,
            "security_groups": [
              "sg-0352838232a4f15f2"
            ],
            "subnet_mapping": [
              {
                "allocation_id": "",
                "ipv6_address": "",
                "outpost_id": "",
                "private_ipv4_address": "",
                "subnet_id": "subnet-0076def94663376a1"
              },
              {
                "allocation_id": "",
                "ipv6_address": "",
                "outpost_id": "",
                "private_ipv4_address": "",
                "subnet_id": "subnet-0af373a368bfb786c"
              }
            ],
            "subnets": [
              "subnet-0076def94663376a1",
              "subnet-0af373a368bfb786c"
            ],
            "tags": {
              "Name": "dev"
            },
            "tags_all": {
              "Name": "dev"
            },
            "timeouts": null,
            "vpc_id": "vpc-062700eaf9cda0291",
            "zone_id": "Z35SXDOTRQ7X7K"
          },
          "sensitive_attributes": [],
          "private": "eyJlMmJmYjczMC1lY2FhLTExZTYtOGY4OC0zNDM2M2JjN2M0YzAiOnsiY3JlYXRlIjo2MDAwMDAwMDAwMDAsImRlbGV0ZSI6NjAwMDAwMDAwMDAwLCJ1cGRhdGUiOjYwMDAwMDAwMDAwMH19",
          "dependencies": [
            "module.base.module.lb.aws_security_group.load_balancer",
            "module.base.module.vpc.aws_eip.nat",
            "module.base.module.vpc.aws_internet_gateway.main",
            "module.base.module.vpc.aws_nat_gateway.main",
            "module.base.module.vpc.aws_route_table.private",
            "module.base.module.vpc.aws_route_table.privatedb",
            "module.base.module.vpc.aws_route_table.public",
            "module.base.module.vpc.aws_route_table_association.private",
            "module.base.module.vpc.aws_route_table_association.privatedb",
            "module.base.module.vpc.aws_route_table_association.public",
            "module.base.module.vpc.aws_subnet.private",
            "module.base.module.vpc.aws_subnet.privatedb",
            "module.base.module.vpc.aws_subnet.public",
            "module.base.module.vpc.aws_vpc.main",
            "module.base.module.vpc.data.aws_availability_zones.available"
          ]
        }
      ]
    },
    {
      "module": "module.base.module.lb",
      "mode": "managed",
      "type": "aws_lb_listener",
      "name": "main",
      "provider": "provider[\"registry.terraform.io/hashicorp/aws\"]",
      "instances": [
        {
          "schema_version": 0,
          "attributes": {
            "alpn_policy": null,
            "arn": "arn:aws:elasticloadbalancing:us-east-1:927105399259:listener/app/dev/981b7143f6b765b8/7b6d6d7923cc3366",
            "certificate_arn": null,
            "default_action": [
              {
                "authenticate_cognito": [],
                "authenticate_oidc": [],
                "fixed_response": [],
                "forward": [],
                "order": 1,
                "redirect": [],
                "target_group_arn": "arn:aws:elasticloadbalancing:us-east-1:927105399259:targetgroup/dev/4c5f0a24df04934e",
                "type": "forward"
              }
            ],
            "id": "arn:aws:elasticloadbalancing:us-east-1:927105399259:listener/app/dev/981b7143f6b765b8/7b6d6d7923cc3366",
            "load_balancer_arn": "arn:aws:elasticloadbalancing:us-east-1:927105399259:loadbalancer/app/dev/981b7143f6b765b8",
            "port": 80,
            "protocol": "HTTP",
            "ssl_policy": "",
            "tags": null,
            "tags_all": {},
            "timeouts": null
          },
          "sensitive_attributes": [],
          "private": "eyJlMmJmYjczMC1lY2FhLTExZTYtOGY4OC0zNDM2M2JjN2M0YzAiOnsicmVhZCI6NjAwMDAwMDAwMDAwfX0=",
          "dependencies": [
            "module.base.module.lb.aws_lb.main",
            "module.base.module.lb.aws_lb_target_group.main",
            "module.base.module.lb.aws_security_group.load_balancer",
            "module.base.module.vpc.aws_eip.nat",
            "module.base.module.vpc.aws_internet_gateway.main",
            "module.base.module.vpc.aws_nat_gateway.main",
            "module.base.module.vpc.aws_route_table.private",
            "module.base.module.vpc.aws_route_table.privatedb",
            "module.base.module.vpc.aws_route_table.public",
            "module.base.module.vpc.aws_route_table_association.private",
            "module.base.module.vpc.aws_route_table_association.privatedb",
            "module.base.module.vpc.aws_route_table_association.public",
            "module.base.module.vpc.aws_subnet.private",
            "module.base.module.vpc.aws_subnet.privatedb",
            "module.base.module.vpc.aws_subnet.public",
            "module.base.module.vpc.aws_vpc.main",
            "module.base.module.vpc.data.aws_availability_zones.available"
          ]
        }
      ]
    },
    {
      "module": "module.base.module.lb",
      "mode": "managed",
      "type": "aws_lb_target_group",
      "name": "main",
      "provider": "provider[\"registry.terraform.io/hashicorp/aws\"]",
      "instances": [
        {
          "schema_version": 0,
          "attributes": {
            "arn": "arn:aws:elasticloadbalancing:us-east-1:927105399259:targetgroup/dev/4c5f0a24df04934e",
            "arn_suffix": "targetgroup/dev/4c5f0a24df04934e",
            "connection_termination": false,
            "deregistration_delay": "300",
            "health_check": [
              {
                "enabled": true,
                "healthy_threshold": 5,
                "interval": 30,
                "matcher": "200",
                "path": "/",
                "port": "traffic-port",
                "protocol": "HTTP",
                "timeout": 5,
                "unhealthy_threshold": 2
              }
            ],
            "id": "arn:aws:elasticloadbalancing:us-east-1:927105399259:targetgroup/dev/4c5f0a24df04934e",
            "ip_address_type": null,
            "lambda_multi_value_headers_enabled": false,
            "load_balancing_algorithm_type": "round_robin",
            "name": "dev",
            "name_prefix": null,
            "port": 80,
            "preserve_client_ip": null,
            "protocol": "HTTP",
            "protocol_version": "HTTP1",
            "proxy_protocol_v2": false,
            "slow_start": 0,
            "stickiness": [
              {
                "cookie_duration": 86400,
                "cookie_name": "",
                "enabled": false,
                "type": "lb_cookie"
              }
            ],
            "tags": null,
            "tags_all": {},
            "target_type": "instance",
            "vpc_id": "vpc-062700eaf9cda0291"
          },
          "sensitive_attributes": [],
          "private": "bnVsbA==",
          "dependencies": [
            "module.base.module.vpc.aws_eip.nat",
            "module.base.module.vpc.aws_internet_gateway.main",
            "module.base.module.vpc.aws_nat_gateway.main",
            "module.base.module.vpc.aws_route_table.private",
            "module.base.module.vpc.aws_route_table.privatedb",
            "module.base.module.vpc.aws_route_table.public",
            "module.base.module.vpc.aws_route_table_association.private",
            "module.base.module.vpc.aws_route_table_association.privatedb",
            "module.base.module.vpc.aws_route_table_association.public",
            "module.base.module.vpc.aws_subnet.private",
            "module.base.module.vpc.aws_subnet.privatedb",
            "module.base.module.vpc.aws_subnet.public",
            "module.base.module.vpc.aws_vpc.main",
            "module.base.module.vpc.data.aws_availability_zones.available"
          ]
        }
      ]
    },
    {
      "module": "module.base.module.lb",
      "mode": "managed",
      "type": "aws_security_group",
      "name": "load_balancer",
      "provider": "provider[\"registry.terraform.io/hashicorp/aws\"]",
      "instances": [
        {
          "schema_version": 1,
          "attributes": {
            "arn": "arn:aws:ec2:us-east-1:927105399259:security-group/sg-0352838232a4f15f2",
            "description": "Allow port 80 TCP inbound to ELB",
            "egress": [
              {
                "cidr_blocks": [
                  "0.0.0.0/0"
                ],
                "description": "",
                "from_port": 0,
                "ipv6_cidr_blocks": [],
                "prefix_list_ids": [],
                "protocol": "tcp",
                "security_groups": [],
                "self": false,
                "to_port": 65535
              }
            ],
            "id": "sg-0352838232a4f15f2",
            "ingress": [
              {
                "cidr_blocks": [
                  "0.0.0.0/0"
                ],
                "description": "http to ELB",
                "from_port": 80,
                "ipv6_cidr_blocks": [],
                "prefix_list_ids": [],
                "protocol": "tcp",
                "security_groups": [],
                "self": false,
                "to_port": 80
              }
            ],
            "name": "dev-load-balancer",
            "name_prefix": "",
            "owner_id": "927105399259",
            "revoke_rules_on_delete": false,
            "tags": {
              "Name": "dev-load-balancer"
            },
            "tags_all": {
              "Name": "dev-load-balancer"
            },
            "timeouts": null,
            "vpc_id": "vpc-062700eaf9cda0291"
          },
          "sensitive_attributes": [],
          "private": "eyJlMmJmYjczMC1lY2FhLTExZTYtOGY4OC0zNDM2M2JjN2M0YzAiOnsiY3JlYXRlIjo2MDAwMDAwMDAwMDAsImRlbGV0ZSI6OTAwMDAwMDAwMDAwfSwic2NoZW1hX3ZlcnNpb24iOiIxIn0=",
          "dependencies": [
            "module.base.module.vpc.aws_eip.nat",
            "module.base.module.vpc.aws_internet_gateway.main",
            "module.base.module.vpc.aws_nat_gateway.main",
            "module.base.module.vpc.aws_route_table.private",
            "module.base.module.vpc.aws_route_table.privatedb",
            "module.base.module.vpc.aws_route_table.public",
            "module.base.module.vpc.aws_route_table_association.private",
            "module.base.module.vpc.aws_route_table_association.privatedb",
            "module.base.module.vpc.aws_route_table_association.public",
            "module.base.module.vpc.aws_subnet.private",
            "module.base.module.vpc.aws_subnet.privatedb",
            "module.base.module.vpc.aws_subnet.public",
            "module.base.module.vpc.aws_vpc.main",
            "module.base.module.vpc.data.aws_availability_zones.available"
          ]
        }
      ]
    },
    {
      "module": "module.base.module.vpc",
      "mode": "data",
      "type": "aws_availability_zones",
      "name": "available",
      "provider": "provider[\"registry.terraform.io/hashicorp/aws\"]",
      "instances": [
        {
          "schema_version": 0,
          "attributes": {
            "all_availability_zones": null,
            "exclude_names": null,
            "exclude_zone_ids": null,
            "filter": null,
            "group_names": [
              "us-east-1"
            ],
            "id": "us-east-1",
            "names": [
              "us-east-1a",
              "us-east-1b",
              "us-east-1c",
              "us-east-1d",
              "us-east-1e",
              "us-east-1f"
            ],
            "state": "available",
            "timeouts": null,
            "zone_ids": [
              "use1-az2",
              "use1-az4",
              "use1-az6",
              "use1-az1",
              "use1-az3",
              "use1-az5"
            ]
          },
          "sensitive_attributes": []
        }
      ]
    },
    {
      "module": "module.base.module.vpc",
      "mode": "managed",
      "type": "aws_eip",
      "name": "nat",
      "provider": "provider[\"registry.terraform.io/hashicorp/aws\"]",
      "instances": [
        {
          "index_key": 0,
          "schema_version": 0,
          "attributes": {
            "address": null,
            "allocation_id": "eipalloc-0b2823e6c57a7e554",
            "associate_with_private_ip": null,
            "association_id": "",
            "carrier_ip": "",
            "customer_owned_ip": "",
            "customer_owned_ipv4_pool": "",
            "domain": "vpc",
            "id": "eipalloc-0b2823e6c57a7e554",
            "instance": "",
            "network_border_group": "us-east-1",
            "network_interface": "",
            "private_dns": null,
            "private_ip": "",
            "public_dns": "ec2-3-224-129-24.compute-1.amazonaws.com",
            "public_ip": "3.224.129.24",
            "public_ipv4_pool": "amazon",
            "tags": {
              "Name": "dev-nat0"
            },
            "tags_all": {
              "Name": "dev-nat0"
            },
            "timeouts": null,
            "vpc": true
          },
          "sensitive_attributes": [],
          "private": "eyJlMmJmYjczMC1lY2FhLTExZTYtOGY4OC0zNDM2M2JjN2M0YzAiOnsiZGVsZXRlIjoxODAwMDAwMDAwMDAsInJlYWQiOjkwMDAwMDAwMDAwMCwidXBkYXRlIjozMDAwMDAwMDAwMDB9fQ=="
        },
        {
          "index_key": 1,
          "schema_version": 0,
          "attributes": {
            "address": null,
            "allocation_id": "eipalloc-01316281b571b1f34",
            "associate_with_private_ip": null,
            "association_id": "",
            "carrier_ip": "",
            "customer_owned_ip": "",
            "customer_owned_ipv4_pool": "",
            "domain": "vpc",
            "id": "eipalloc-01316281b571b1f34",
            "instance": "",
            "network_border_group": "us-east-1",
            "network_interface": "",
            "private_dns": null,
            "private_ip": "",
            "public_dns": "ec2-54-224-187-159.compute-1.amazonaws.com",
            "public_ip": "54.224.187.159",
            "public_ipv4_pool": "amazon",
            "tags": {
              "Name": "dev-nat1"
            },
            "tags_all": {
              "Name": "dev-nat1"
            },
            "timeouts": null,
            "vpc": true
          },
          "sensitive_attributes": [],
          "private": "eyJlMmJmYjczMC1lY2FhLTExZTYtOGY4OC0zNDM2M2JjN2M0YzAiOnsiZGVsZXRlIjoxODAwMDAwMDAwMDAsInJlYWQiOjkwMDAwMDAwMDAwMCwidXBkYXRlIjozMDAwMDAwMDAwMDB9fQ=="
        }
      ]
    },
    {
      "module": "module.base.module.vpc",
      "mode": "managed",
      "type": "aws_internet_gateway",
      "name": "main",
      "provider": "provider[\"registry.terraform.io/hashicorp/aws\"]",
      "instances": [
        {
          "schema_version": 0,
          "attributes": {
            "arn": "arn:aws:ec2:us-east-1:927105399259:internet-gateway/igw-01c3e72c14d63c8d2",
            "id": "igw-01c3e72c14d63c8d2",
            "owner_id": "927105399259",
            "tags": {
              "Name": "dev"
            },
            "tags_all": {
              "Name": "dev"
            },
            "timeouts": null,
            "vpc_id": "vpc-062700eaf9cda0291"
          },
          "sensitive_attributes": [],
          "private": "eyJlMmJmYjczMC1lY2FhLTExZTYtOGY4OC0zNDM2M2JjN2M0YzAiOnsiY3JlYXRlIjoxMjAwMDAwMDAwMDAwLCJkZWxldGUiOjEyMDAwMDAwMDAwMDAsInVwZGF0ZSI6MTIwMDAwMDAwMDAwMH19",
          "dependencies": [
            "module.base.module.vpc.aws_vpc.main"
          ]
        }
      ]
    },
    {
      "module": "module.base.module.vpc",
      "mode": "managed",
      "type": "aws_nat_gateway",
      "name": "main",
      "provider": "provider[\"registry.terraform.io/hashicorp/aws\"]",
      "instances": [
        {
          "index_key": 0,
          "schema_version": 0,
          "attributes": {
            "allocation_id": "eipalloc-0b2823e6c57a7e554",
            "connectivity_type": "public",
            "id": "nat-06e1cfceb21d16f0e",
            "network_interface_id": "eni-0b79708a4b136b71a",
            "private_ip": "10.0.0.131",
            "public_ip": "3.224.129.24",
            "subnet_id": "subnet-0af373a368bfb786c",
            "tags": {
              "Name": "dev-0"
            },
            "tags_all": {
              "Name": "dev-0"
            }
          },
          "sensitive_attributes": [],
          "private": "bnVsbA==",
          "dependencies": [
            "module.base.module.vpc.aws_eip.nat",
            "module.base.module.vpc.aws_subnet.public",
            "module.base.module.vpc.aws_vpc.main",
            "module.base.module.vpc.data.aws_availability_zones.available"
          ]
        },
        {
          "index_key": 1,
          "schema_version": 0,
          "attributes": {
            "allocation_id": "eipalloc-01316281b571b1f34",
            "connectivity_type": "public",
            "id": "nat-0ac962658860dd5a7",
            "network_interface_id": "eni-028c837fdf4c278eb",
            "private_ip": "10.0.1.203",
            "public_ip": "54.224.187.159",
            "subnet_id": "subnet-0076def94663376a1",
            "tags": {
              "Name": "dev-1"
            },
            "tags_all": {
              "Name": "dev-1"
            }
          },
          "sensitive_attributes": [],
          "private": "bnVsbA==",
          "dependencies": [
            "module.base.module.vpc.aws_eip.nat",
            "module.base.module.vpc.aws_subnet.public",
            "module.base.module.vpc.aws_vpc.main",
            "module.base.module.vpc.data.aws_availability_zones.available"
          ]
        }
      ]
    },
    {
      "module": "module.base.module.vpc",
      "mode": "managed",
      "type": "aws_route_table",
      "name": "private",
      "provider": "provider[\"registry.terraform.io/hashicorp/aws\"]",
      "instances": [
        {
          "index_key": 0,
          "schema_version": 0,
          "attributes": {
            "arn": "arn:aws:ec2:us-east-1:927105399259:route-table/rtb-00f5ea343a333c269",
            "id": "rtb-00f5ea343a333c269",
            "owner_id": "927105399259",
            "propagating_vgws": [],
            "route": [
              {
                "carrier_gateway_id": "",
                "cidr_block": "0.0.0.0/0",
                "core_network_arn": "",
                "destination_prefix_list_id": "",
                "egress_only_gateway_id": "",
                "gateway_id": "",
                "instance_id": "",
                "ipv6_cidr_block": "",
                "local_gateway_id": "",
                "nat_gateway_id": "nat-06e1cfceb21d16f0e",
                "network_interface_id": "",
                "transit_gateway_id": "",
                "vpc_endpoint_id": "",
                "vpc_peering_connection_id": ""
              }
            ],
            "tags": {
              "Name": "dev-private0"
            },
            "tags_all": {
              "Name": "dev-private0"
            },
            "timeouts": null,
            "vpc_id": "vpc-062700eaf9cda0291"
          },
          "sensitive_attributes": [],
          "private": "eyJlMmJmYjczMC1lY2FhLTExZTYtOGY4OC0zNDM2M2JjN2M0YzAiOnsiY3JlYXRlIjozMDAwMDAwMDAwMDAsImRlbGV0ZSI6MzAwMDAwMDAwMDAwLCJ1cGRhdGUiOjEyMDAwMDAwMDAwMH19",
          "dependencies": [
            "module.base.module.vpc.aws_eip.nat",
            "module.base.module.vpc.aws_nat_gateway.main",
            "module.base.module.vpc.aws_subnet.public",
            "module.base.module.vpc.aws_vpc.main",
            "module.base.module.vpc.data.aws_availability_zones.available"
          ]
        },
        {
          "index_key": 1,
          "schema_version": 0,
          "attributes": {
            "arn": "arn:aws:ec2:us-east-1:927105399259:route-table/rtb-0d4558d3b3182a538",
            "id": "rtb-0d4558d3b3182a538",
            "owner_id": "927105399259",
            "propagating_vgws": [],
            "route": [
              {
                "carrier_gateway_id": "",
                "cidr_block": "0.0.0.0/0",
                "core_network_arn": "",
                "destination_prefix_list_id": "",
                "egress_only_gateway_id": "",
                "gateway_id": "",
                "instance_id": "",
                "ipv6_cidr_block": "",
                "local_gateway_id": "",
                "nat_gateway_id": "nat-0ac962658860dd5a7",
                "network_interface_id": "",
                "transit_gateway_id": "",
                "vpc_endpoint_id": "",
                "vpc_peering_connection_id": ""
              }
            ],
            "tags": {
              "Name": "dev-private1"
            },
            "tags_all": {
              "Name": "dev-private1"
            },
            "timeouts": null,
            "vpc_id": "vpc-062700eaf9cda0291"
          },
          "sensitive_attributes": [],
          "private": "eyJlMmJmYjczMC1lY2FhLTExZTYtOGY4OC0zNDM2M2JjN2M0YzAiOnsiY3JlYXRlIjozMDAwMDAwMDAwMDAsImRlbGV0ZSI6MzAwMDAwMDAwMDAwLCJ1cGRhdGUiOjEyMDAwMDAwMDAwMH19",
          "dependencies": [
            "module.base.module.vpc.aws_eip.nat",
            "module.base.module.vpc.aws_nat_gateway.main",
            "module.base.module.vpc.aws_subnet.public",
            "module.base.module.vpc.aws_vpc.main",
            "module.base.module.vpc.data.aws_availability_zones.available"
          ]
        }
      ]
    },
    {
      "module": "module.base.module.vpc",
      "mode": "managed",
      "type": "aws_route_table",
      "name": "privatedb",
      "provider": "provider[\"registry.terraform.io/hashicorp/aws\"]",
      "instances": [
        {
          "index_key": 0,
          "schema_version": 0,
          "attributes": {
            "arn": "arn:aws:ec2:us-east-1:927105399259:route-table/rtb-059ad9315ef30c2e0",
            "id": "rtb-059ad9315ef30c2e0",
            "owner_id": "927105399259",
            "propagating_vgws": [],
            "route": [
              {
                "carrier_gateway_id": "",
                "cidr_block": "0.0.0.0/0",
                "core_network_arn": "",
                "destination_prefix_list_id": "",
                "egress_only_gateway_id": "",
                "gateway_id": "",
                "instance_id": "",
                "ipv6_cidr_block": "",
                "local_gateway_id": "",
                "nat_gateway_id": "nat-06e1cfceb21d16f0e",
                "network_interface_id": "",
                "transit_gateway_id": "",
                "vpc_endpoint_id": "",
                "vpc_peering_connection_id": ""
              }
            ],
            "tags": {
              "Name": "dev-privatedb0"
            },
            "tags_all": {
              "Name": "dev-privatedb0"
            },
            "timeouts": null,
            "vpc_id": "vpc-062700eaf9cda0291"
          },
          "sensitive_attributes": [],
          "private": "eyJlMmJmYjczMC1lY2FhLTExZTYtOGY4OC0zNDM2M2JjN2M0YzAiOnsiY3JlYXRlIjozMDAwMDAwMDAwMDAsImRlbGV0ZSI6MzAwMDAwMDAwMDAwLCJ1cGRhdGUiOjEyMDAwMDAwMDAwMH19",
          "dependencies": [
            "module.base.module.vpc.aws_eip.nat",
            "module.base.module.vpc.aws_nat_gateway.main",
            "module.base.module.vpc.aws_subnet.public",
            "module.base.module.vpc.aws_vpc.main",
            "module.base.module.vpc.data.aws_availability_zones.available"
          ]
        },
        {
          "index_key": 1,
          "schema_version": 0,
          "attributes": {
            "arn": "arn:aws:ec2:us-east-1:927105399259:route-table/rtb-00d299302bb214efb",
            "id": "rtb-00d299302bb214efb",
            "owner_id": "927105399259",
            "propagating_vgws": [],
            "route": [
              {
                "carrier_gateway_id": "",
                "cidr_block": "0.0.0.0/0",
                "core_network_arn": "",
                "destination_prefix_list_id": "",
                "egress_only_gateway_id": "",
                "gateway_id": "",
                "instance_id": "",
                "ipv6_cidr_block": "",
                "local_gateway_id": "",
                "nat_gateway_id": "nat-0ac962658860dd5a7",
                "network_interface_id": "",
                "transit_gateway_id": "",
                "vpc_endpoint_id": "",
                "vpc_peering_connection_id": ""
              }
            ],
            "tags": {
              "Name": "dev-privatedb1"
            },
            "tags_all": {
              "Name": "dev-privatedb1"
            },
            "timeouts": null,
            "vpc_id": "vpc-062700eaf9cda0291"
          },
          "sensitive_attributes": [],
          "private": "eyJlMmJmYjczMC1lY2FhLTExZTYtOGY4OC0zNDM2M2JjN2M0YzAiOnsiY3JlYXRlIjozMDAwMDAwMDAwMDAsImRlbGV0ZSI6MzAwMDAwMDAwMDAwLCJ1cGRhdGUiOjEyMDAwMDAwMDAwMH19",
          "dependencies": [
            "module.base.module.vpc.aws_eip.nat",
            "module.base.module.vpc.aws_nat_gateway.main",
            "module.base.module.vpc.aws_subnet.public",
            "module.base.module.vpc.aws_vpc.main",
            "module.base.module.vpc.data.aws_availability_zones.available"
          ]
        }
      ]
    },
    {
      "module": "module.base.module.vpc",
      "mode": "managed",
      "type": "aws_route_table",
      "name": "public",
      "provider": "provider[\"registry.terraform.io/hashicorp/aws\"]",
      "instances": [
        {
          "schema_version": 0,
          "attributes": {
            "arn": "arn:aws:ec2:us-east-1:927105399259:route-table/rtb-0e07ed46fb6719a66",
            "id": "rtb-0e07ed46fb6719a66",
            "owner_id": "927105399259",
            "propagating_vgws": [],
            "route": [
              {
                "carrier_gateway_id": "",
                "cidr_block": "0.0.0.0/0",
                "core_network_arn": "",
                "destination_prefix_list_id": "",
                "egress_only_gateway_id": "",
                "gateway_id": "igw-01c3e72c14d63c8d2",
                "instance_id": "",
                "ipv6_cidr_block": "",
                "local_gateway_id": "",
                "nat_gateway_id": "",
                "network_interface_id": "",
                "transit_gateway_id": "",
                "vpc_endpoint_id": "",
                "vpc_peering_connection_id": ""
              }
            ],
            "tags": {
              "Name": "dev-public"
            },
            "tags_all": {
              "Name": "dev-public"
            },
            "timeouts": null,
            "vpc_id": "vpc-062700eaf9cda0291"
          },
          "sensitive_attributes": [],
          "private": "eyJlMmJmYjczMC1lY2FhLTExZTYtOGY4OC0zNDM2M2JjN2M0YzAiOnsiY3JlYXRlIjozMDAwMDAwMDAwMDAsImRlbGV0ZSI6MzAwMDAwMDAwMDAwLCJ1cGRhdGUiOjEyMDAwMDAwMDAwMH19",
          "dependencies": [
            "module.base.module.vpc.aws_internet_gateway.main",
            "module.base.module.vpc.aws_vpc.main"
          ]
        }
      ]
    },
    {
      "module": "module.base.module.vpc",
      "mode": "managed",
      "type": "aws_route_table_association",
      "name": "private",
      "provider": "provider[\"registry.terraform.io/hashicorp/aws\"]",
      "instances": [
        {
          "index_key": 0,
          "schema_version": 0,
          "attributes": {
            "gateway_id": "",
            "id": "rtbassoc-0872b0f0514b61232",
            "route_table_id": "rtb-00f5ea343a333c269",
            "subnet_id": "subnet-0f471ff0563b8179b"
          },
          "sensitive_attributes": [],
          "private": "bnVsbA==",
          "dependencies": [
            "module.base.module.vpc.aws_eip.nat",
            "module.base.module.vpc.aws_nat_gateway.main",
            "module.base.module.vpc.aws_route_table.private",
            "module.base.module.vpc.aws_subnet.private",
            "module.base.module.vpc.aws_subnet.public",
            "module.base.module.vpc.aws_vpc.main",
            "module.base.module.vpc.data.aws_availability_zones.available"
          ]
        },
        {
          "index_key": 1,
          "schema_version": 0,
          "attributes": {
            "gateway_id": "",
            "id": "rtbassoc-041e742250ef4ed67",
            "route_table_id": "rtb-0d4558d3b3182a538",
            "subnet_id": "subnet-0ab6308bd87797477"
          },
          "sensitive_attributes": [],
          "private": "bnVsbA==",
          "dependencies": [
            "module.base.module.vpc.aws_eip.nat",
            "module.base.module.vpc.aws_nat_gateway.main",
            "module.base.module.vpc.aws_route_table.private",
            "module.base.module.vpc.aws_subnet.private",
            "module.base.module.vpc.aws_subnet.public",
            "module.base.module.vpc.aws_vpc.main",
            "module.base.module.vpc.data.aws_availability_zones.available"
          ]
        }
      ]
    },
    {
      "module": "module.base.module.vpc",
      "mode": "managed",
      "type": "aws_route_table_association",
      "name": "privatedb",
      "provider": "provider[\"registry.terraform.io/hashicorp/aws\"]",
      "instances": [
        {
          "index_key": 0,
          "schema_version": 0,
          "attributes": {
            "gateway_id": "",
            "id": "rtbassoc-049c93559e5fb51f1",
            "route_table_id": "rtb-059ad9315ef30c2e0",
            "subnet_id": "subnet-042eb37834f38b80c"
          },
          "sensitive_attributes": [],
          "private": "bnVsbA==",
          "dependencies": [
            "module.base.module.vpc.aws_eip.nat",
            "module.base.module.vpc.aws_nat_gateway.main",
            "module.base.module.vpc.aws_route_table.privatedb",
            "module.base.module.vpc.aws_subnet.privatedb",
            "module.base.module.vpc.aws_subnet.public",
            "module.base.module.vpc.aws_vpc.main",
            "module.base.module.vpc.data.aws_availability_zones.available"
          ]
        },
        {
          "index_key": 1,
          "schema_version": 0,
          "attributes": {
            "gateway_id": "",
            "id": "rtbassoc-0c8548f8b3692e1ad",
            "route_table_id": "rtb-00d299302bb214efb",
            "subnet_id": "subnet-0781127b55852e2f0"
          },
          "sensitive_attributes": [],
          "private": "bnVsbA==",
          "dependencies": [
            "module.base.module.vpc.aws_eip.nat",
            "module.base.module.vpc.aws_nat_gateway.main",
            "module.base.module.vpc.aws_route_table.privatedb",
            "module.base.module.vpc.aws_subnet.privatedb",
            "module.base.module.vpc.aws_subnet.public",
            "module.base.module.vpc.aws_vpc.main",
            "module.base.module.vpc.data.aws_availability_zones.available"
          ]
        }
      ]
    },
    {
      "module": "module.base.module.vpc",
      "mode": "managed",
      "type": "aws_route_table_association",
      "name": "public",
      "provider": "provider[\"registry.terraform.io/hashicorp/aws\"]",
      "instances": [
        {
          "index_key": 0,
          "schema_version": 0,
          "attributes": {
            "gateway_id": "",
            "id": "rtbassoc-0c97ead87ccb5f922",
            "route_table_id": "rtb-0e07ed46fb6719a66",
            "subnet_id": "subnet-0af373a368bfb786c"
          },
          "sensitive_attributes": [],
          "private": "bnVsbA==",
          "dependencies": [
            "module.base.module.vpc.aws_internet_gateway.main",
            "module.base.module.vpc.aws_route_table.public",
            "module.base.module.vpc.aws_subnet.public",
            "module.base.module.vpc.aws_vpc.main",
            "module.base.module.vpc.data.aws_availability_zones.available"
          ]
        },
        {
          "index_key": 1,
          "schema_version": 0,
          "attributes": {
            "gateway_id": "",
            "id": "rtbassoc-0f485465062a4e473",
            "route_table_id": "rtb-0e07ed46fb6719a66",
            "subnet_id": "subnet-0076def94663376a1"
          },
          "sensitive_attributes": [],
          "private": "bnVsbA==",
          "dependencies": [
            "module.base.module.vpc.aws_internet_gateway.main",
            "module.base.module.vpc.aws_route_table.public",
            "module.base.module.vpc.aws_subnet.public",
            "module.base.module.vpc.aws_vpc.main",
            "module.base.module.vpc.data.aws_availability_zones.available"
          ]
        }
      ]
    },
    {
      "module": "module.base.module.vpc",
      "mode": "managed",
      "type": "aws_subnet",
      "name": "private",
      "provider": "provider[\"registry.terraform.io/hashicorp/aws\"]",
      "instances": [
        {
          "index_key": 0,
          "schema_version": 1,
          "attributes": {
            "arn": "arn:aws:ec2:us-east-1:927105399259:subnet/subnet-0f471ff0563b8179b",
            "assign_ipv6_address_on_creation": false,
            "availability_zone": "us-east-1a",
            "availability_zone_id": "use1-az2",
            "cidr_block": "10.0.2.0/24",
            "customer_owned_ipv4_pool": "",
            "enable_dns64": false,
            "enable_resource_name_dns_a_record_on_launch": false,
            "enable_resource_name_dns_aaaa_record_on_launch": false,
            "id": "subnet-0f471ff0563b8179b",
            "ipv6_cidr_block": "",
            "ipv6_cidr_block_association_id": "",
            "ipv6_native": false,
            "map_customer_owned_ip_on_launch": false,
            "map_public_ip_on_launch": false,
            "outpost_arn": "",
            "owner_id": "927105399259",
            "private_dns_hostname_type_on_launch": "ip-name",
            "tags": {
              "Name": "dev-private0"
            },
            "tags_all": {
              "Name": "dev-private0"
            },
            "timeouts": null,
            "vpc_id": "vpc-062700eaf9cda0291"
          },
          "sensitive_attributes": [],
          "private": "eyJlMmJmYjczMC1lY2FhLTExZTYtOGY4OC0zNDM2M2JjN2M0YzAiOnsiY3JlYXRlIjo2MDAwMDAwMDAwMDAsImRlbGV0ZSI6MTIwMDAwMDAwMDAwMH0sInNjaGVtYV92ZXJzaW9uIjoiMSJ9",
          "dependencies": [
            "module.base.module.vpc.aws_vpc.main",
            "module.base.module.vpc.data.aws_availability_zones.available"
          ]
        },
        {
          "index_key": 1,
          "schema_version": 1,
          "attributes": {
            "arn": "arn:aws:ec2:us-east-1:927105399259:subnet/subnet-0ab6308bd87797477",
            "assign_ipv6_address_on_creation": false,
            "availability_zone": "us-east-1b",
            "availability_zone_id": "use1-az4",
            "cidr_block": "10.0.3.0/24",
            "customer_owned_ipv4_pool": "",
            "enable_dns64": false,
            "enable_resource_name_dns_a_record_on_launch": false,
            "enable_resource_name_dns_aaaa_record_on_launch": false,
            "id": "subnet-0ab6308bd87797477",
            "ipv6_cidr_block": "",
            "ipv6_cidr_block_association_id": "",
            "ipv6_native": false,
            "map_customer_owned_ip_on_launch": false,
            "map_public_ip_on_launch": false,
            "outpost_arn": "",
            "owner_id": "927105399259",
            "private_dns_hostname_type_on_launch": "ip-name",
            "tags": {
              "Name": "dev-private1"
            },
            "tags_all": {
              "Name": "dev-private1"
            },
            "timeouts": null,
            "vpc_id": "vpc-062700eaf9cda0291"
          },
          "sensitive_attributes": [],
          "private": "eyJlMmJmYjczMC1lY2FhLTExZTYtOGY4OC0zNDM2M2JjN2M0YzAiOnsiY3JlYXRlIjo2MDAwMDAwMDAwMDAsImRlbGV0ZSI6MTIwMDAwMDAwMDAwMH0sInNjaGVtYV92ZXJzaW9uIjoiMSJ9",
          "dependencies": [
            "module.base.module.vpc.aws_vpc.main",
            "module.base.module.vpc.data.aws_availability_zones.available"
          ]
        }
      ]
    },
    {
      "module": "module.base.module.vpc",
      "mode": "managed",
      "type": "aws_subnet",
      "name": "privatedb",
      "provider": "provider[\"registry.terraform.io/hashicorp/aws\"]",
      "instances": [
        {
          "index_key": 0,
          "schema_version": 1,
          "attributes": {
            "arn": "arn:aws:ec2:us-east-1:927105399259:subnet/subnet-042eb37834f38b80c",
            "assign_ipv6_address_on_creation": false,
            "availability_zone": "us-east-1a",
            "availability_zone_id": "use1-az2",
            "cidr_block": "10.0.4.0/24",
            "customer_owned_ipv4_pool": "",
            "enable_dns64": false,
            "enable_resource_name_dns_a_record_on_launch": false,
            "enable_resource_name_dns_aaaa_record_on_launch": false,
            "id": "subnet-042eb37834f38b80c",
            "ipv6_cidr_block": "",
            "ipv6_cidr_block_association_id": "",
            "ipv6_native": false,
            "map_customer_owned_ip_on_launch": false,
            "map_public_ip_on_launch": false,
            "outpost_arn": "",
            "owner_id": "927105399259",
            "private_dns_hostname_type_on_launch": "ip-name",
            "tags": {
              "Name": "dev-privatedb0"
            },
            "tags_all": {
              "Name": "dev-privatedb0"
            },
            "timeouts": null,
            "vpc_id": "vpc-062700eaf9cda0291"
          },
          "sensitive_attributes": [],
          "private": "eyJlMmJmYjczMC1lY2FhLTExZTYtOGY4OC0zNDM2M2JjN2M0YzAiOnsiY3JlYXRlIjo2MDAwMDAwMDAwMDAsImRlbGV0ZSI6MTIwMDAwMDAwMDAwMH0sInNjaGVtYV92ZXJzaW9uIjoiMSJ9",
          "dependencies": [
            "module.base.module.vpc.aws_vpc.main",
            "module.base.module.vpc.data.aws_availability_zones.available"
          ]
        },
        {
          "index_key": 1,
          "schema_version": 1,
          "attributes": {
            "arn": "arn:aws:ec2:us-east-1:927105399259:subnet/subnet-0781127b55852e2f0",
            "assign_ipv6_address_on_creation": false,
            "availability_zone": "us-east-1b",
            "availability_zone_id": "use1-az4",
            "cidr_block": "10.0.5.0/24",
            "customer_owned_ipv4_pool": "",
            "enable_dns64": false,
            "enable_resource_name_dns_a_record_on_launch": false,
            "enable_resource_name_dns_aaaa_record_on_launch": false,
            "id": "subnet-0781127b55852e2f0",
            "ipv6_cidr_block": "",
            "ipv6_cidr_block_association_id": "",
            "ipv6_native": false,
            "map_customer_owned_ip_on_launch": false,
            "map_public_ip_on_launch": false,
            "outpost_arn": "",
            "owner_id": "927105399259",
            "private_dns_hostname_type_on_launch": "ip-name",
            "tags": {
              "Name": "dev-privatedb1"
            },
            "tags_all": {
              "Name": "dev-privatedb1"
            },
            "timeouts": null,
            "vpc_id": "vpc-062700eaf9cda0291"
          },
          "sensitive_attributes": [],
          "private": "eyJlMmJmYjczMC1lY2FhLTExZTYtOGY4OC0zNDM2M2JjN2M0YzAiOnsiY3JlYXRlIjo2MDAwMDAwMDAwMDAsImRlbGV0ZSI6MTIwMDAwMDAwMDAwMH0sInNjaGVtYV92ZXJzaW9uIjoiMSJ9",
          "dependencies": [
            "module.base.module.vpc.aws_vpc.main",
            "module.base.module.vpc.data.aws_availability_zones.available"
          ]
        }
      ]
    },
    {
      "module": "module.base.module.vpc",
      "mode": "managed",
      "type": "aws_subnet",
      "name": "public",
      "provider": "provider[\"registry.terraform.io/hashicorp/aws\"]",
      "instances": [
        {
          "index_key": 0,
          "schema_version": 1,
          "attributes": {
            "arn": "arn:aws:ec2:us-east-1:927105399259:subnet/subnet-0af373a368bfb786c",
            "assign_ipv6_address_on_creation": false,
            "availability_zone": "us-east-1a",
            "availability_zone_id": "use1-az2",
            "cidr_block": "10.0.0.0/24",
            "customer_owned_ipv4_pool": "",
            "enable_dns64": false,
            "enable_resource_name_dns_a_record_on_launch": false,
            "enable_resource_name_dns_aaaa_record_on_launch": false,
            "id": "subnet-0af373a368bfb786c",
            "ipv6_cidr_block": "",
            "ipv6_cidr_block_association_id": "",
            "ipv6_native": false,
            "map_customer_owned_ip_on_launch": false,
            "map_public_ip_on_launch": false,
            "outpost_arn": "",
            "owner_id": "927105399259",
            "private_dns_hostname_type_on_launch": "ip-name",
            "tags": {
              "Name": "dev-public0"
            },
            "tags_all": {
              "Name": "dev-public0"
            },
            "timeouts": null,
            "vpc_id": "vpc-062700eaf9cda0291"
          },
          "sensitive_attributes": [],
          "private": "eyJlMmJmYjczMC1lY2FhLTExZTYtOGY4OC0zNDM2M2JjN2M0YzAiOnsiY3JlYXRlIjo2MDAwMDAwMDAwMDAsImRlbGV0ZSI6MTIwMDAwMDAwMDAwMH0sInNjaGVtYV92ZXJzaW9uIjoiMSJ9",
          "dependencies": [
            "module.base.module.vpc.aws_vpc.main",
            "module.base.module.vpc.data.aws_availability_zones.available"
          ]
        },
        {
          "index_key": 1,
          "schema_version": 1,
          "attributes": {
            "arn": "arn:aws:ec2:us-east-1:927105399259:subnet/subnet-0076def94663376a1",
            "assign_ipv6_address_on_creation": false,
            "availability_zone": "us-east-1b",
            "availability_zone_id": "use1-az4",
            "cidr_block": "10.0.1.0/24",
            "customer_owned_ipv4_pool": "",
            "enable_dns64": false,
            "enable_resource_name_dns_a_record_on_launch": false,
            "enable_resource_name_dns_aaaa_record_on_launch": false,
            "id": "subnet-0076def94663376a1",
            "ipv6_cidr_block": "",
            "ipv6_cidr_block_association_id": "",
            "ipv6_native": false,
            "map_customer_owned_ip_on_launch": false,
            "map_public_ip_on_launch": false,
            "outpost_arn": "",
            "owner_id": "927105399259",
            "private_dns_hostname_type_on_launch": "ip-name",
            "tags": {
              "Name": "dev-public1"
            },
            "tags_all": {
              "Name": "dev-public1"
            },
            "timeouts": null,
            "vpc_id": "vpc-062700eaf9cda0291"
          },
          "sensitive_attributes": [],
          "private": "eyJlMmJmYjczMC1lY2FhLTExZTYtOGY4OC0zNDM2M2JjN2M0YzAiOnsiY3JlYXRlIjo2MDAwMDAwMDAwMDAsImRlbGV0ZSI6MTIwMDAwMDAwMDAwMH0sInNjaGVtYV92ZXJzaW9uIjoiMSJ9",
          "dependencies": [
            "module.base.module.vpc.aws_vpc.main",
            "module.base.module.vpc.data.aws_availability_zones.available"
          ]
        }
      ]
    },
    {
      "module": "module.base.module.vpc",
      "mode": "managed",
      "type": "aws_vpc",
      "name": "main",
      "provider": "provider[\"registry.terraform.io/hashicorp/aws\"]",
      "instances": [
        {
          "schema_version": 1,
          "attributes": {
            "arn": "arn:aws:ec2:us-east-1:927105399259:vpc/vpc-062700eaf9cda0291",
            "assign_generated_ipv6_cidr_block": false,
            "cidr_block": "10.0.0.0/16",
            "default_network_acl_id": "acl-0213d5bdd1e867204",
            "default_route_table_id": "rtb-0212ca709143f80cf",
            "default_security_group_id": "sg-040fb53c2a84130af",
            "dhcp_options_id": "dopt-089d9978701cb2554",
            "enable_classiclink": false,
            "enable_classiclink_dns_support": false,
            "enable_dns_hostnames": false,
            "enable_dns_support": true,
            "id": "vpc-062700eaf9cda0291",
            "instance_tenancy": "default",
            "ipv4_ipam_pool_id": null,
            "ipv4_netmask_length": null,
            "ipv6_association_id": "",
            "ipv6_cidr_block": "",
            "ipv6_cidr_block_network_border_group": "",
            "ipv6_ipam_pool_id": "",
            "ipv6_netmask_length": 0,
            "main_route_table_id": "rtb-0212ca709143f80cf",
            "owner_id": "927105399259",
            "tags": {
              "Name": "dev"
            },
            "tags_all": {
              "Name": "dev"
            }
          },
          "sensitive_attributes": [],
          "private": "eyJzY2hlbWFfdmVyc2lvbiI6IjEifQ=="
        }
      ]
    }
  ]
}
